// !$*UTF8*$!
{
	archiveVersion = 1;
	classes = {
	};
	objectVersion = 56;
	objects = {

/* Begin PBXBuildFile section */
		5D36A0792C09CF3B003384B3 /* AppDelegate.swift in Sources */ = {isa = PBXBuildFile; fileRef = 5D36A0782C09CF3B003384B3 /* AppDelegate.swift */; };
		5D36A07B2C09CF3B003384B3 /* SceneDelegate.swift in Sources */ = {isa = PBXBuildFile; fileRef = 5D36A07A2C09CF3B003384B3 /* SceneDelegate.swift */; };
		5D36A07D2C09CF3B003384B3 /* LoginViewController.swift in Sources */ = {isa = PBXBuildFile; fileRef = 5D36A07C2C09CF3B003384B3 /* LoginViewController.swift */; };
		5D36A0802C09CF3B003384B3 /* Base in Resources */ = {isa = PBXBuildFile; fileRef = 5D36A07F2C09CF3B003384B3 /* Base */; };
		5D36A0822C09CF3C003384B3 /* Assets.xcassets in Resources */ = {isa = PBXBuildFile; fileRef = 5D36A0812C09CF3C003384B3 /* Assets.xcassets */; };
		5D36A0852C09CF3C003384B3 /* Base in Resources */ = {isa = PBXBuildFile; fileRef = 5D36A0842C09CF3C003384B3 /* Base */; };
		5D36A0952C0B28A5003384B3 /* CalenderViewController.swift in Sources */ = {isa = PBXBuildFile; fileRef = 5D36A0942C0B28A5003384B3 /* CalenderViewController.swift */; };
		5D36A09C2C0B3017003384B3 /* GoogleService-Info.plist in Resources */ = {isa = PBXBuildFile; fileRef = 5D36A09B2C0B3017003384B3 /* GoogleService-Info.plist */; };
		5D94C97A2C0CBD0400569625 /* FSCalendar in Frameworks */ = {isa = PBXBuildFile; productRef = 5D94C9792C0CBD0400569625 /* FSCalendar */; };
		5D94C9822C0CBD2D00569625 /* FirebaseAuth in Frameworks */ = {isa = PBXBuildFile; productRef = 5D94C9812C0CBD2D00569625 /* FirebaseAuth */; };
		5D94C9882C0CBEE900569625 /* GoogleAPIClientForREST_Calendar in Frameworks */ = {isa = PBXBuildFile; productRef = 5D94C9872C0CBEE900569625 /* GoogleAPIClientForREST_Calendar */; };
		5D94C98C2C0CDD8D00569625 /* Utils.swift in Sources */ = {isa = PBXBuildFile; fileRef = 5D94C98B2C0CDD8D00569625 /* Utils.swift */; };
		5D94C9932C0CE39B00569625 /* GoogleSignIn in Frameworks */ = {isa = PBXBuildFile; productRef = 5D94C9922C0CE39B00569625 /* GoogleSignIn */; };
		5D94C9952C0CE39B00569625 /* GoogleSignInSwift in Frameworks */ = {isa = PBXBuildFile; productRef = 5D94C9942C0CE39B00569625 /* GoogleSignInSwift */; };
		5D94C9972C0D0F6700569625 /* EventViewController.swift in Sources */ = {isa = PBXBuildFile; fileRef = 5D94C9962C0D0F6700569625 /* EventViewController.swift */; };
		5D94C9992C0DA35600569625 /* EventViewModel.swift in Sources */ = {isa = PBXBuildFile; fileRef = 5D94C9982C0DA35600569625 /* EventViewModel.swift */; };
		5D94C99B2C0DA57400569625 /* CalenderService.swift in Sources */ = {isa = PBXBuildFile; fileRef = 5D94C99A2C0DA57400569625 /* CalenderService.swift */; };
		5D94C99D2C0DB63E00569625 /* CalenderViewModel.swift in Sources */ = {isa = PBXBuildFile; fileRef = 5D94C99C2C0DB63E00569625 /* CalenderViewModel.swift */; };
		5D94C9A02C0DBE3E00569625 /* EventTableViewCell.swift in Sources */ = {isa = PBXBuildFile; fileRef = 5D94C99E2C0DBE3E00569625 /* EventTableViewCell.swift */; };
		5D94C9A12C0DBE3E00569625 /* EventTableViewCell.xib in Resources */ = {isa = PBXBuildFile; fileRef = 5D94C99F2C0DBE3E00569625 /* EventTableViewCell.xib */; };
		5D94C9A32C0DCA9500569625 /* LoginViewModel.swift in Sources */ = {isa = PBXBuildFile; fileRef = 5D94C9A22C0DCA9500569625 /* LoginViewModel.swift */; };
		5D94C9AC2C0DE66E00569625 /* EventDetailsViewController.swift in Sources */ = {isa = PBXBuildFile; fileRef = 5D94C9AB2C0DE66E00569625 /* EventDetailsViewController.swift */; };
		5D94C9AE2C0DE82D00569625 /* EventDetailsViewModel.swift in Sources */ = {isa = PBXBuildFile; fileRef = 5D94C9AD2C0DE82D00569625 /* EventDetailsViewModel.swift */; };
		5D94C9B12C0DF43E00569625 /* NoEventsTableViewCell.swift in Sources */ = {isa = PBXBuildFile; fileRef = 5D94C9AF2C0DF43E00569625 /* NoEventsTableViewCell.swift */; };
		5D94C9B22C0DF43E00569625 /* NoEventsTableViewCell.xib in Resources */ = {isa = PBXBuildFile; fileRef = 5D94C9B02C0DF43E00569625 /* NoEventsTableViewCell.xib */; };
/* End PBXBuildFile section */

/* Begin PBXFileReference section */
		5D36A0752C09CF3B003384B3 /* Calender.app */ = {isa = PBXFileReference; explicitFileType = wrapper.application; includeInIndex = 0; path = Calender.app; sourceTree = BUILT_PRODUCTS_DIR; };
		5D36A0782C09CF3B003384B3 /* AppDelegate.swift */ = {isa = PBXFileReference; lastKnownFileType = sourcecode.swift; path = AppDelegate.swift; sourceTree = "<group>"; };
		5D36A07A2C09CF3B003384B3 /* SceneDelegate.swift */ = {isa = PBXFileReference; lastKnownFileType = sourcecode.swift; path = SceneDelegate.swift; sourceTree = "<group>"; };
		5D36A07C2C09CF3B003384B3 /* LoginViewController.swift */ = {isa = PBXFileReference; lastKnownFileType = sourcecode.swift; path = LoginViewController.swift; sourceTree = "<group>"; };
		5D36A07F2C09CF3B003384B3 /* Base */ = {isa = PBXFileReference; lastKnownFileType = file.storyboard; name = Base; path = Base.lproj/Main.storyboard; sourceTree = "<group>"; };
		5D36A0812C09CF3C003384B3 /* Assets.xcassets */ = {isa = PBXFileReference; lastKnownFileType = folder.assetcatalog; path = Assets.xcassets; sourceTree = "<group>"; };
		5D36A0842C09CF3C003384B3 /* Base */ = {isa = PBXFileReference; lastKnownFileType = file.storyboard; name = Base; path = Base.lproj/LaunchScreen.storyboard; sourceTree = "<group>"; };
		5D36A0862C09CF3C003384B3 /* Info.plist */ = {isa = PBXFileReference; lastKnownFileType = text.plist.xml; path = Info.plist; sourceTree = "<group>"; };
		5D36A0942C0B28A5003384B3 /* CalenderViewController.swift */ = {isa = PBXFileReference; lastKnownFileType = sourcecode.swift; path = CalenderViewController.swift; sourceTree = "<group>"; };
		5D36A09B2C0B3017003384B3 /* GoogleService-Info.plist */ = {isa = PBXFileReference; fileEncoding = 4; lastKnownFileType = text.plist.xml; path = "GoogleService-Info.plist"; sourceTree = "<group>"; };
		5D94C98B2C0CDD8D00569625 /* Utils.swift */ = {isa = PBXFileReference; lastKnownFileType = sourcecode.swift; path = Utils.swift; sourceTree = "<group>"; };
		5D94C9962C0D0F6700569625 /* EventViewController.swift */ = {isa = PBXFileReference; lastKnownFileType = sourcecode.swift; path = EventViewController.swift; sourceTree = "<group>"; };
		5D94C9982C0DA35600569625 /* EventViewModel.swift */ = {isa = PBXFileReference; lastKnownFileType = sourcecode.swift; path = EventViewModel.swift; sourceTree = "<group>"; };
		5D94C99A2C0DA57400569625 /* CalenderService.swift */ = {isa = PBXFileReference; lastKnownFileType = sourcecode.swift; path = CalenderService.swift; sourceTree = "<group>"; };
		5D94C99C2C0DB63E00569625 /* CalenderViewModel.swift */ = {isa = PBXFileReference; lastKnownFileType = sourcecode.swift; path = CalenderViewModel.swift; sourceTree = "<group>"; };
		5D94C99E2C0DBE3E00569625 /* EventTableViewCell.swift */ = {isa = PBXFileReference; lastKnownFileType = sourcecode.swift; path = EventTableViewCell.swift; sourceTree = "<group>"; };
		5D94C99F2C0DBE3E00569625 /* EventTableViewCell.xib */ = {isa = PBXFileReference; lastKnownFileType = file.xib; path = EventTableViewCell.xib; sourceTree = "<group>"; };
		5D94C9A22C0DCA9500569625 /* LoginViewModel.swift */ = {isa = PBXFileReference; lastKnownFileType = sourcecode.swift; path = LoginViewModel.swift; sourceTree = "<group>"; };
		5D94C9AB2C0DE66E00569625 /* EventDetailsViewController.swift */ = {isa = PBXFileReference; lastKnownFileType = sourcecode.swift; path = EventDetailsViewController.swift; sourceTree = "<group>"; };
		5D94C9AD2C0DE82D00569625 /* EventDetailsViewModel.swift */ = {isa = PBXFileReference; lastKnownFileType = sourcecode.swift; path = EventDetailsViewModel.swift; sourceTree = "<group>"; };
		5D94C9AF2C0DF43E00569625 /* NoEventsTableViewCell.swift */ = {isa = PBXFileReference; lastKnownFileType = sourcecode.swift; path = NoEventsTableViewCell.swift; sourceTree = "<group>"; };
		5D94C9B02C0DF43E00569625 /* NoEventsTableViewCell.xib */ = {isa = PBXFileReference; lastKnownFileType = file.xib; path = NoEventsTableViewCell.xib; sourceTree = "<group>"; };
/* End PBXFileReference section */

/* Begin PBXFrameworksBuildPhase section */
		5D36A0722C09CF3B003384B3 /* Frameworks */ = {
			isa = PBXFrameworksBuildPhase;
			buildActionMask = 2147483647;
			files = (
				5D94C9932C0CE39B00569625 /* GoogleSignIn in Frameworks */,
				5D94C97A2C0CBD0400569625 /* FSCalendar in Frameworks */,
				5D94C9882C0CBEE900569625 /* GoogleAPIClientForREST_Calendar in Frameworks */,
				5D94C9952C0CE39B00569625 /* GoogleSignInSwift in Frameworks */,
				5D94C9822C0CBD2D00569625 /* FirebaseAuth in Frameworks */,
			);
			runOnlyForDeploymentPostprocessing = 0;
		};
/* End PBXFrameworksBuildPhase section */

/* Begin PBXGroup section */
		5D36A06C2C09CF3B003384B3 = {
			isa = PBXGroup;
			children = (
				5D36A0772C09CF3B003384B3 /* Calender */,
				5D36A0762C09CF3B003384B3 /* Products */,
			);
			sourceTree = "<group>";
		};
		5D36A0762C09CF3B003384B3 /* Products */ = {
			isa = PBXGroup;
			children = (
				5D36A0752C09CF3B003384B3 /* Calender.app */,
			);
			name = Products;
			sourceTree = "<group>";
		};
		5D36A0772C09CF3B003384B3 /* Calender */ = {
			isa = PBXGroup;
			children = (
				5D94C9A92C0DCBA500569625 /* Services */,
				5D94C9A42C0DCA9E00569625 /* Login */,
				5D94C9A52C0DCAB400569625 /* Calender Home */,
				5D94C9A62C0DCB0B00569625 /* Add Event */,
				5D94C9AA2C0DE64E00569625 /* Event Details */,
				5D94C9A72C0DCB2300569625 /* Utils */,
				5D36A0782C09CF3B003384B3 /* AppDelegate.swift */,
				5D36A07A2C09CF3B003384B3 /* SceneDelegate.swift */,
				5D36A07E2C09CF3B003384B3 /* Main.storyboard */,
				5D36A0812C09CF3C003384B3 /* Assets.xcassets */,
				5D36A0832C09CF3C003384B3 /* LaunchScreen.storyboard */,
				5D36A0862C09CF3C003384B3 /* Info.plist */,
				5D36A09B2C0B3017003384B3 /* GoogleService-Info.plist */,
			);
			path = Calender;
			sourceTree = "<group>";
		};
		5D94C9A42C0DCA9E00569625 /* Login */ = {
			isa = PBXGroup;
			children = (
				5D94C9A22C0DCA9500569625 /* LoginViewModel.swift */,
				5D36A07C2C09CF3B003384B3 /* LoginViewController.swift */,
			);
			path = Login;
			sourceTree = "<group>";
		};
		5D94C9A52C0DCAB400569625 /* Calender Home */ = {
			isa = PBXGroup;
			children = (
				5D94C9A82C0DCB3400569625 /* Views */,
				5D94C99C2C0DB63E00569625 /* CalenderViewModel.swift */,
				5D36A0942C0B28A5003384B3 /* CalenderViewController.swift */,
			);
			path = "Calender Home";
			sourceTree = "<group>";
		};
		5D94C9A62C0DCB0B00569625 /* Add Event */ = {
			isa = PBXGroup;
			children = (
				5D94C9982C0DA35600569625 /* EventViewModel.swift */,
				5D94C9962C0D0F6700569625 /* EventViewController.swift */,
			);
			path = "Add Event";
			sourceTree = "<group>";
		};
		5D94C9A72C0DCB2300569625 /* Utils */ = {
			isa = PBXGroup;
			children = (
				5D94C98B2C0CDD8D00569625 /* Utils.swift */,
			);
			path = Utils;
			sourceTree = "<group>";
		};
		5D94C9A82C0DCB3400569625 /* Views */ = {
			isa = PBXGroup;
			children = (
				5D94C99E2C0DBE3E00569625 /* EventTableViewCell.swift */,
				5D94C99F2C0DBE3E00569625 /* EventTableViewCell.xib */,
				5D94C9AF2C0DF43E00569625 /* NoEventsTableViewCell.swift */,
				5D94C9B02C0DF43E00569625 /* NoEventsTableViewCell.xib */,
			);
			path = Views;
			sourceTree = "<group>";
		};
		5D94C9A92C0DCBA500569625 /* Services */ = {
			isa = PBXGroup;
			children = (
				5D94C99A2C0DA57400569625 /* CalenderService.swift */,
			);
			path = Services;
			sourceTree = "<group>";
		};
		5D94C9AA2C0DE64E00569625 /* Event Details */ = {
			isa = PBXGroup;
			children = (
				5D94C9AB2C0DE66E00569625 /* EventDetailsViewController.swift */,
				5D94C9AD2C0DE82D00569625 /* EventDetailsViewModel.swift */,
			);
			path = "Event Details";
			sourceTree = "<group>";
		};
/* End PBXGroup section */

/* Begin PBXNativeTarget section */
		5D36A0742C09CF3B003384B3 /* Calender */ = {
			isa = PBXNativeTarget;
			buildConfigurationList = 5D36A0892C09CF3C003384B3 /* Build configuration list for PBXNativeTarget "Calender" */;
			buildPhases = (
				5D36A0712C09CF3B003384B3 /* Sources */,
				5D36A0722C09CF3B003384B3 /* Frameworks */,
				5D36A0732C09CF3B003384B3 /* Resources */,
			);
			buildRules = (
			);
			dependencies = (
			);
			name = Calender;
			packageProductDependencies = (
				5D94C9792C0CBD0400569625 /* FSCalendar */,
				5D94C9812C0CBD2D00569625 /* FirebaseAuth */,
				5D94C9872C0CBEE900569625 /* GoogleAPIClientForREST_Calendar */,
				5D94C9922C0CE39B00569625 /* GoogleSignIn */,
				5D94C9942C0CE39B00569625 /* GoogleSignInSwift */,
			);
			productName = Calender;
			productReference = 5D36A0752C09CF3B003384B3 /* Calender.app */;
			productType = "com.apple.product-type.application";
		};
/* End PBXNativeTarget section */

/* Begin PBXProject section */
		5D36A06D2C09CF3B003384B3 /* Project object */ = {
			isa = PBXProject;
			attributes = {
				BuildIndependentTargetsInParallel = 1;
				LastSwiftUpdateCheck = 1530;
				LastUpgradeCheck = 1530;
				TargetAttributes = {
					5D36A0742C09CF3B003384B3 = {
						CreatedOnToolsVersion = 15.3;
					};
				};
			};
			buildConfigurationList = 5D36A0702C09CF3B003384B3 /* Build configuration list for PBXProject "Calender" */;
			compatibilityVersion = "Xcode 14.0";
			developmentRegion = en;
			hasScannedForEncodings = 0;
			knownRegions = (
				en,
				Base,
			);
			mainGroup = 5D36A06C2C09CF3B003384B3;
			packageReferences = (
				5D94C9782C0CBD0400569625 /* XCRemoteSwiftPackageReference "FSCalendar" */,
				5D94C9802C0CBD2D00569625 /* XCRemoteSwiftPackageReference "firebase-ios-sdk" */,
				5D94C9862C0CBEE900569625 /* XCRemoteSwiftPackageReference "google-api-objectivec-client-for-rest" */,
				5D94C9912C0CE39B00569625 /* XCRemoteSwiftPackageReference "GoogleSignIn-iOS" */,
			);
			productRefGroup = 5D36A0762C09CF3B003384B3 /* Products */;
			projectDirPath = "";
			projectRoot = "";
			targets = (
				5D36A0742C09CF3B003384B3 /* Calender */,
			);
		};
/* End PBXProject section */

/* Begin PBXResourcesBuildPhase section */
		5D36A0732C09CF3B003384B3 /* Resources */ = {
			isa = PBXResourcesBuildPhase;
			buildActionMask = 2147483647;
			files = (
				5D94C9A12C0DBE3E00569625 /* EventTableViewCell.xib in Resources */,
				5D36A0822C09CF3C003384B3 /* Assets.xcassets in Resources */,
				5D36A09C2C0B3017003384B3 /* GoogleService-Info.plist in Resources */,
				5D36A0852C09CF3C003384B3 /* Base in Resources */,
				5D36A0802C09CF3B003384B3 /* Base in Resources */,
				5D94C9B22C0DF43E00569625 /* NoEventsTableViewCell.xib in Resources */,
			);
			runOnlyForDeploymentPostprocessing = 0;
		};
/* End PBXResourcesBuildPhase section */

/* Begin PBXSourcesBuildPhase section */
		5D36A0712C09CF3B003384B3 /* Sources */ = {
			isa = PBXSourcesBuildPhase;
			buildActionMask = 2147483647;
			files = (
				5D94C9A02C0DBE3E00569625 /* EventTableViewCell.swift in Sources */,
				5D36A0952C0B28A5003384B3 /* CalenderViewController.swift in Sources */,
				5D94C9AC2C0DE66E00569625 /* EventDetailsViewController.swift in Sources */,
				5D94C9972C0D0F6700569625 /* EventViewController.swift in Sources */,
				5D36A07D2C09CF3B003384B3 /* LoginViewController.swift in Sources */,
				5D94C98C2C0CDD8D00569625 /* Utils.swift in Sources */,
				5D36A0792C09CF3B003384B3 /* AppDelegate.swift in Sources */,
				5D36A07B2C09CF3B003384B3 /* SceneDelegate.swift in Sources */,
				5D94C9A32C0DCA9500569625 /* LoginViewModel.swift in Sources */,
				5D94C99D2C0DB63E00569625 /* CalenderViewModel.swift in Sources */,
				5D94C9B12C0DF43E00569625 /* NoEventsTableViewCell.swift in Sources */,
				5D94C99B2C0DA57400569625 /* CalenderService.swift in Sources */,
				5D94C9AE2C0DE82D00569625 /* EventDetailsViewModel.swift in Sources */,
				5D94C9992C0DA35600569625 /* EventViewModel.swift in Sources */,
			);
			runOnlyForDeploymentPostprocessing = 0;
		};
/* End PBXSourcesBuildPhase section */

/* Begin PBXVariantGroup section */
		5D36A07E2C09CF3B003384B3 /* Main.storyboard */ = {
			isa = PBXVariantGroup;
			children = (
				5D36A07F2C09CF3B003384B3 /* Base */,
			);
			name = Main.storyboard;
			sourceTree = "<group>";
		};
		5D36A0832C09CF3C003384B3 /* LaunchScreen.storyboard */ = {
			isa = PBXVariantGroup;
			children = (
				5D36A0842C09CF3C003384B3 /* Base */,
			);
			name = LaunchScreen.storyboard;
			sourceTree = "<group>";
		};
/* End PBXVariantGroup section */

/* Begin XCBuildConfiguration section */
		5D36A0872C09CF3C003384B3 /* Debug */ = {
			isa = XCBuildConfiguration;
			buildSettings = {
				ALWAYS_SEARCH_USER_PATHS = NO;
				ASSETCATALOG_COMPILER_GENERATE_SWIFT_ASSET_SYMBOL_EXTENSIONS = YES;
				CLANG_ANALYZER_NONNULL = YES;
				CLANG_ANALYZER_NUMBER_OBJECT_CONVERSION = YES_AGGRESSIVE;
				CLANG_CXX_LANGUAGE_STANDARD = "gnu++20";
				CLANG_ENABLE_MODULES = YES;
				CLANG_ENABLE_OBJC_ARC = YES;
				CLANG_ENABLE_OBJC_WEAK = YES;
				CLANG_WARN_BLOCK_CAPTURE_AUTORELEASING = YES;
				CLANG_WARN_BOOL_CONVERSION = YES;
				CLANG_WARN_COMMA = YES;
				CLANG_WARN_CONSTANT_CONVERSION = YES;
				CLANG_WARN_DEPRECATED_OBJC_IMPLEMENTATIONS = YES;
				CLANG_WARN_DIRECT_OBJC_ISA_USAGE = YES_ERROR;
				CLANG_WARN_DOCUMENTATION_COMMENTS = YES;
				CLANG_WARN_EMPTY_BODY = YES;
				CLANG_WARN_ENUM_CONVERSION = YES;
				CLANG_WARN_INFINITE_RECURSION = YES;
				CLANG_WARN_INT_CONVERSION = YES;
				CLANG_WARN_NON_LITERAL_NULL_CONVERSION = YES;
				CLANG_WARN_OBJC_IMPLICIT_RETAIN_SELF = YES;
				CLANG_WARN_OBJC_LITERAL_CONVERSION = YES;
				CLANG_WARN_OBJC_ROOT_CLASS = YES_ERROR;
				CLANG_WARN_QUOTED_INCLUDE_IN_FRAMEWORK_HEADER = YES;
				CLANG_WARN_RANGE_LOOP_ANALYSIS = YES;
				CLANG_WARN_STRICT_PROTOTYPES = YES;
				CLANG_WARN_SUSPICIOUS_MOVE = YES;
				CLANG_WARN_UNGUARDED_AVAILABILITY = YES_AGGRESSIVE;
				CLANG_WARN_UNREACHABLE_CODE = YES;
				CLANG_WARN__DUPLICATE_METHOD_MATCH = YES;
				COPY_PHASE_STRIP = NO;
				DEBUG_INFORMATION_FORMAT = dwarf;
				ENABLE_STRICT_OBJC_MSGSEND = YES;
				ENABLE_TESTABILITY = YES;
				ENABLE_USER_SCRIPT_SANDBOXING = YES;
				GCC_C_LANGUAGE_STANDARD = gnu17;
				GCC_DYNAMIC_NO_PIC = NO;
				GCC_NO_COMMON_BLOCKS = YES;
				GCC_OPTIMIZATION_LEVEL = 0;
				GCC_PREPROCESSOR_DEFINITIONS = (
					"DEBUG=1",
					"$(inherited)",
				);
				GCC_WARN_64_TO_32_BIT_CONVERSION = YES;
				GCC_WARN_ABOUT_RETURN_TYPE = YES_ERROR;
				GCC_WARN_UNDECLARED_SELECTOR = YES;
				GCC_WARN_UNINITIALIZED_AUTOS = YES_AGGRESSIVE;
				GCC_WARN_UNUSED_FUNCTION = YES;
				GCC_WARN_UNUSED_VARIABLE = YES;
				IPHONEOS_DEPLOYMENT_TARGET = 17.4;
				LOCALIZATION_PREFERS_STRING_CATALOGS = YES;
				MTL_ENABLE_DEBUG_INFO = INCLUDE_SOURCE;
				MTL_FAST_MATH = YES;
				ONLY_ACTIVE_ARCH = YES;
				SDKROOT = iphoneos;
				SWIFT_ACTIVE_COMPILATION_CONDITIONS = "DEBUG $(inherited)";
				SWIFT_OPTIMIZATION_LEVEL = "-Onone";
			};
			name = Debug;
		};
		5D36A0882C09CF3C003384B3 /* Release */ = {
			isa = XCBuildConfiguration;
			buildSettings = {
				ALWAYS_SEARCH_USER_PATHS = NO;
				ASSETCATALOG_COMPILER_GENERATE_SWIFT_ASSET_SYMBOL_EXTENSIONS = YES;
				CLANG_ANALYZER_NONNULL = YES;
				CLANG_ANALYZER_NUMBER_OBJECT_CONVERSION = YES_AGGRESSIVE;
				CLANG_CXX_LANGUAGE_STANDARD = "gnu++20";
				CLANG_ENABLE_MODULES = YES;
				CLANG_ENABLE_OBJC_ARC = YES;
				CLANG_ENABLE_OBJC_WEAK = YES;
				CLANG_WARN_BLOCK_CAPTURE_AUTORELEASING = YES;
				CLANG_WARN_BOOL_CONVERSION = YES;
				CLANG_WARN_COMMA = YES;
				CLANG_WARN_CONSTANT_CONVERSION = YES;
				CLANG_WARN_DEPRECATED_OBJC_IMPLEMENTATIONS = YES;
				CLANG_WARN_DIRECT_OBJC_ISA_USAGE = YES_ERROR;
				CLANG_WARN_DOCUMENTATION_COMMENTS = YES;
				CLANG_WARN_EMPTY_BODY = YES;
				CLANG_WARN_ENUM_CONVERSION = YES;
				CLANG_WARN_INFINITE_RECURSION = YES;
				CLANG_WARN_INT_CONVERSION = YES;
				CLANG_WARN_NON_LITERAL_NULL_CONVERSION = YES;
				CLANG_WARN_OBJC_IMPLICIT_RETAIN_SELF = YES;
				CLANG_WARN_OBJC_LITERAL_CONVERSION = YES;
				CLANG_WARN_OBJC_ROOT_CLASS = YES_ERROR;
				CLANG_WARN_QUOTED_INCLUDE_IN_FRAMEWORK_HEADER = YES;
				CLANG_WARN_RANGE_LOOP_ANALYSIS = YES;
				CLANG_WARN_STRICT_PROTOTYPES = YES;
				CLANG_WARN_SUSPICIOUS_MOVE = YES;
				CLANG_WARN_UNGUARDED_AVAILABILITY = YES_AGGRESSIVE;
				CLANG_WARN_UNREACHABLE_CODE = YES;
				CLANG_WARN__DUPLICATE_METHOD_MATCH = YES;
				COPY_PHASE_STRIP = NO;
				DEBUG_INFORMATION_FORMAT = "dwarf-with-dsym";
				ENABLE_NS_ASSERTIONS = NO;
				ENABLE_STRICT_OBJC_MSGSEND = YES;
				ENABLE_USER_SCRIPT_SANDBOXING = YES;
				GCC_C_LANGUAGE_STANDARD = gnu17;
				GCC_NO_COMMON_BLOCKS = YES;
				GCC_WARN_64_TO_32_BIT_CONVERSION = YES;
				GCC_WARN_ABOUT_RETURN_TYPE = YES_ERROR;
				GCC_WARN_UNDECLARED_SELECTOR = YES;
				GCC_WARN_UNINITIALIZED_AUTOS = YES_AGGRESSIVE;
				GCC_WARN_UNUSED_FUNCTION = YES;
				GCC_WARN_UNUSED_VARIABLE = YES;
				IPHONEOS_DEPLOYMENT_TARGET = 17.4;
				LOCALIZATION_PREFERS_STRING_CATALOGS = YES;
				MTL_ENABLE_DEBUG_INFO = NO;
				MTL_FAST_MATH = YES;
				SDKROOT = iphoneos;
				SWIFT_COMPILATION_MODE = wholemodule;
				VALIDATE_PRODUCT = YES;
			};
			name = Release;
		};
		5D36A08A2C09CF3C003384B3 /* Debug */ = {
			isa = XCBuildConfiguration;
			buildSettings = {
				ASSETCATALOG_COMPILER_APPICON_NAME = AppIcon;
				ASSETCATALOG_COMPILER_GLOBAL_ACCENT_COLOR_NAME = AccentColor;
				CODE_SIGN_STYLE = Automatic;
				CURRENT_PROJECT_VERSION = 1;
				DEVELOPMENT_TEAM = Y6JY526WQM;
				GENERATE_INFOPLIST_FILE = YES;
				INFOPLIST_FILE = Calender/Info.plist;
				INFOPLIST_KEY_UIApplicationSupportsIndirectInputEvents = YES;
				INFOPLIST_KEY_UILaunchStoryboardName = LaunchScreen;
				INFOPLIST_KEY_UIMainStoryboardFile = Main;
				INFOPLIST_KEY_UISupportedInterfaceOrientations_iPad = "UIInterfaceOrientationPortrait UIInterfaceOrientationPortraitUpsideDown UIInterfaceOrientationLandscapeLeft UIInterfaceOrientationLandscapeRight";
				INFOPLIST_KEY_UISupportedInterfaceOrientations_iPhone = "UIInterfaceOrientationPortrait UIInterfaceOrientationLandscapeLeft UIInterfaceOrientationLandscapeRight";
				LD_RUNPATH_SEARCH_PATHS = (
					"$(inherited)",
					"@executable_path/Frameworks",
				);
				MARKETING_VERSION = 1.0;
				PRODUCT_BUNDLE_IDENTIFIER = com.subodhmahajan.Calender;
				PRODUCT_NAME = "$(TARGET_NAME)";
				SWIFT_EMIT_LOC_STRINGS = YES;
				SWIFT_VERSION = 5.0;
				TARGETED_DEVICE_FAMILY = "1,2";
			};
			name = Debug;
		};
		5D36A08B2C09CF3C003384B3 /* Release */ = {
			isa = XCBuildConfiguration;
			buildSettings = {
				ASSETCATALOG_COMPILER_APPICON_NAME = AppIcon;
				ASSETCATALOG_COMPILER_GLOBAL_ACCENT_COLOR_NAME = AccentColor;
				CODE_SIGN_STYLE = Automatic;
				CURRENT_PROJECT_VERSION = 1;
				DEVELOPMENT_TEAM = Y6JY526WQM;
				GENERATE_INFOPLIST_FILE = YES;
				INFOPLIST_FILE = Calender/Info.plist;
				INFOPLIST_KEY_UIApplicationSupportsIndirectInputEvents = YES;
				INFOPLIST_KEY_UILaunchStoryboardName = LaunchScreen;
				INFOPLIST_KEY_UIMainStoryboardFile = Main;
				INFOPLIST_KEY_UISupportedInterfaceOrientations_iPad = "UIInterfaceOrientationPortrait UIInterfaceOrientationPortraitUpsideDown UIInterfaceOrientationLandscapeLeft UIInterfaceOrientationLandscapeRight";
				INFOPLIST_KEY_UISupportedInterfaceOrientations_iPhone = "UIInterfaceOrientationPortrait UIInterfaceOrientationLandscapeLeft UIInterfaceOrientationLandscapeRight";
				LD_RUNPATH_SEARCH_PATHS = (
					"$(inherited)",
					"@executable_path/Frameworks",
				);
				MARKETING_VERSION = 1.0;
				PRODUCT_BUNDLE_IDENTIFIER = com.subodhmahajan.Calender;
				PRODUCT_NAME = "$(TARGET_NAME)";
				SWIFT_EMIT_LOC_STRINGS = YES;
				SWIFT_VERSION = 5.0;
				TARGETED_DEVICE_FAMILY = "1,2";
			};
			name = Release;
		};
/* End XCBuildConfiguration section */

/* Begin XCConfigurationList section */
		5D36A0702C09CF3B003384B3 /* Build configuration list for PBXProject "Calender" */ = {
			isa = XCConfigurationList;
			buildConfigurations = (
				5D36A0872C09CF3C003384B3 /* Debug */,
				5D36A0882C09CF3C003384B3 /* Release */,
			);
			defaultConfigurationIsVisible = 0;
			defaultConfigurationName = Release;
		};
		5D36A0892C09CF3C003384B3 /* Build configuration list for PBXNativeTarget "Calender" */ = {
			isa = XCConfigurationList;
			buildConfigurations = (
				5D36A08A2C09CF3C003384B3 /* Debug */,
				5D36A08B2C09CF3C003384B3 /* Release */,
			);
			defaultConfigurationIsVisible = 0;
			defaultConfigurationName = Release;
		};
/* End XCConfigurationList section */

/* Begin XCRemoteSwiftPackageReference section */
		5D94C9782C0CBD0400569625 /* XCRemoteSwiftPackageReference "FSCalendar" */ = {
			isa = XCRemoteSwiftPackageReference;
			repositoryURL = "https://github.com/WenchaoD/FSCalendar";
			requirement = {
				kind = upToNextMajorVersion;
				minimumVersion = 2.8.4;
			};
		};
		5D94C9802C0CBD2D00569625 /* XCRemoteSwiftPackageReference "firebase-ios-sdk" */ = {
			isa = XCRemoteSwiftPackageReference;
			repositoryURL = "https://github.com/firebase/firebase-ios-sdk";
			requirement = {
				kind = upToNextMajorVersion;
				minimumVersion = 10.27.0;
			};
		};
		5D94C9862C0CBEE900569625 /* XCRemoteSwiftPackageReference "google-api-objectivec-client-for-rest" */ = {
			isa = XCRemoteSwiftPackageReference;
			repositoryURL = "https://github.com/google/google-api-objectivec-client-for-rest";
			requirement = {
				kind = exactVersion;
				version = 3.5.4;
			};
		};
		5D94C9912C0CE39B00569625 /* XCRemoteSwiftPackageReference "GoogleSignIn-iOS" */ = {
			isa = XCRemoteSwiftPackageReference;
			repositoryURL = "https://github.com/google/GoogleSignIn-iOS";
			requirement = {
				kind = upToNextMajorVersion;
				minimumVersion = 7.1.0;
			};
		};
/* End XCRemoteSwiftPackageReference section */

/* Begin XCSwiftPackageProductDependency section */
		5D94C9792C0CBD0400569625 /* FSCalendar */ = {
			isa = XCSwiftPackageProductDependency;
			package = 5D94C9782C0CBD0400569625 /* XCRemoteSwiftPackageReference "FSCalendar" */;
			productName = FSCalendar;
		};
		5D94C9812C0CBD2D00569625 /* FirebaseAuth */ = {
			isa = XCSwiftPackageProductDependency;
			package = 5D94C9802C0CBD2D00569625 /* XCRemoteSwiftPackageReference "firebase-ios-sdk" */;
			productName = FirebaseAuth;
		};
		5D94C9872C0CBEE900569625 /* GoogleAPIClientForREST_Calendar */ = {
			isa = XCSwiftPackageProductDependency;
			package = 5D94C9862C0CBEE900569625 /* XCRemoteSwiftPackageReference "google-api-objectivec-client-for-rest" */;
			productName = GoogleAPIClientForREST_Calendar;
		};
		5D94C9922C0CE39B00569625 /* GoogleSignIn */ = {
			isa = XCSwiftPackageProductDependency;
			package = 5D94C9912C0CE39B00569625 /* XCRemoteSwiftPackageReference "GoogleSignIn-iOS" */;
			productName = GoogleSignIn;
		};
		5D94C9942C0CE39B00569625 /* GoogleSignInSwift */ = {
			isa = XCSwiftPackageProductDependency;
			package = 5D94C9912C0CE39B00569625 /* XCRemoteSwiftPackageReference "GoogleSignIn-iOS" */;
			productName = GoogleSignInSwift;
		};
/* End XCSwiftPackageProductDependency section */
	};
	rootObject = 5D36A06D2C09CF3B003384B3 /* Project object */;
}
